
Microsoft Visual Studio Solution File, Format Version 12.00
# Visual Studio Version 16
VisualStudioVersion = 16.0.30907.101
MinimumVisualStudioVersion = 10.0.40219.1
Project("{8BC9CEB8-8B4A-11D0-8D11-00A0C91BC942}") = "STL初识", "STL初识.vcxproj", "{F7D64D05-93B9-404B-B40F-2BD0731F773A}"
EndProject
Global
	GlobalSection(SolutionConfigurationPlatforms) = preSolution
		Debug|x64 = Debug|x64
		Debug|x86 = Debug|x86
		Release|x64 = Release|x64
		Release|x86 = Release|x86
	EndGlobalSection
	GlobalSection(ProjectConfigurationPlatforms) = postSolution
		{F7D64D05-93B9-404B-B40F-2BD0731F773A}.Debug|x64.ActiveCfg = Debug|x64
		{F7D64D05-93B9-404B-B40F-2BD0731F773A}.Debug|x64.Build.0 = Debug|x64
		{F7D64D05-93B9-404B-B40F-2BD0731F773A}.Debug|x86.ActiveCfg = Debug|Win32
		{F7D64D05-93B9-404B-B40F-2BD0731F773A}.Debug|x86.Build.0 = Debug|Win32
		{F7D64D05-93B9-404B-B40F-2BD0731F773A}.Release|x64.ActiveCfg = Release|x64
		{F7D64D05-93B9-404B-B40F-2BD0731F773A}.Release|x64.Build.0 = Release|x64
		{F7D64D05-93B9-404B-B40F-2BD0731F773A}.Release|x86.ActiveCfg = Release|Win32
		{F7D64D05-93B9-404B-B40F-2BD0731F773A}.Release|x86.Build.0 = Release|Win32
	EndGlobalSection
	GlobalSection(SolutionProperties) = preSolution
		HideSolutionNode = FALSE
	EndGlobalSection
	GlobalSection(ExtensibilityGlobals) = postSolution
		SolutionGuid = {D6F16245-0C3C-42D6-B97A-FCCC978030F7}
	EndGlobalSection
EndGlobal
